
Microsoft Visual Studio Solution File, Format Version 12.00
Project("{FAE04EC0-301F-11D3-BF4B-00C04F79EFBC}") = "LaRecipe", "LaRecipe\LaRecipe.csproj", "{2627BD27-7B42-4BBD-877F-68A440226D4D}"
EndProject
Project("{2150E333-8FDC-42A3-9474-1A3956D46DE8}") = "Example", "Example", "{8BBE1A54-2F47-4F52-B2B6-77E4B230A481}"
EndProject
Project("{FAE04EC0-301F-11D3-BF4B-00C04F79EFBC}") = "LaRecipe.Example", "..\tests\LaRecipe.Example\LaRecipe.Example.csproj", "{C84D4E5F-EA12-4BD3-97BB-4985E3257FB1}"
EndProject
Global
	GlobalSection(SolutionConfigurationPlatforms) = preSolution
		Debug|Any CPU = Debug|Any CPU
		Release|Any CPU = Release|Any CPU
	EndGlobalSection
	GlobalSection(ProjectConfigurationPlatforms) = postSolution
		{2627BD27-7B42-4BBD-877F-68A440226D4D}.Debug|Any CPU.ActiveCfg = Debug|Any CPU
		{2627BD27-7B42-4BBD-877F-68A440226D4D}.Debug|Any CPU.Build.0 = Debug|Any CPU
		{2627BD27-7B42-4BBD-877F-68A440226D4D}.Release|Any CPU.ActiveCfg = Release|Any CPU
		{2627BD27-7B42-4BBD-877F-68A440226D4D}.Release|Any CPU.Build.0 = Release|Any CPU
		{C84D4E5F-EA12-4BD3-97BB-4985E3257FB1}.Debug|Any CPU.ActiveCfg = Debug|Any CPU
		{C84D4E5F-EA12-4BD3-97BB-4985E3257FB1}.Debug|Any CPU.Build.0 = Debug|Any CPU
		{C84D4E5F-EA12-4BD3-97BB-4985E3257FB1}.Release|Any CPU.ActiveCfg = Release|Any CPU
		{C84D4E5F-EA12-4BD3-97BB-4985E3257FB1}.Release|Any CPU.Build.0 = Release|Any CPU
	EndGlobalSection
	GlobalSection(NestedProjects) = preSolution
		{C84D4E5F-EA12-4BD3-97BB-4985E3257FB1} = {8BBE1A54-2F47-4F52-B2B6-77E4B230A481}
	EndGlobalSection
EndGlobal
